{
	"name": "namor-example",
	"version": "1.0.0",
	"lockfileVersion": 1,
	"requires": true,
	"dependencies": {
		"@now/node-bridge": {
			"version": "1.2.2",
			"resolved": "https://registry.npmjs.org/@now/node-bridge/-/node-bridge-1.2.2.tgz",
			"integrity": "sha512-E5xqal3QRN8RvcQ4Q82vtg/hvWmQWaIYp2bJHd550Ps/kemGabcwAAQsP/TUM/4b5oYlOmjrfuYPq9AhMvFqkQ==",
			"dev": true
		},
		"@now/node-server": {
			"version": "0.8.2",
			"resolved": "https://registry.npmjs.org/@now/node-server/-/node-server-0.8.2.tgz",
			"integrity": "sha512-zoDpP2MbXB3aTIjd7RskME+rsUwB1Ao/+YumOGZnsnGFOYXCXDUG20BbO1HhVtbnqBE/OnWoM/QLGGFAHv6PBA==",
			"dev": true,
			"requires": {
				"@now/node-bridge": "1.2.2",
				"@zeit/ncc": "0.18.5",
				"fs-extra": "7.0.1"
			}
		},
		"@zeit/ncc": {
			"version": "0.18.5",
			"resolved": "https://registry.npmjs.org/@zeit/ncc/-/ncc-0.18.5.tgz",
			"integrity": "sha512-F+SbvEAh8rchiRXqQbmD1UmbePY7dCOKTbvfFtbVbK2xMH/tyri5YKfNxXKK7eL9EWkkbqB3NTVQO6nokApeBA==",
			"dev": true
		},
		"fs-extra": {
			"version": "7.0.1",
			"resolved": "https://registry.npmjs.org/fs-extra/-/fs-extra-7.0.1.tgz",
			"integrity": "sha512-YJDaCJZEnBmcbw13fvdAM9AwNOJwOzrE4pqMqBq5nFiEqXUqHwlK4B+3pUw6JNvfSPtX05xFHtYy/1ni01eGCw==",
			"dev": true,
			"requires": {
				"graceful-fs": "^4.1.2",
				"jsonfile": "^4.0.0",
				"universalify": "^0.1.0"
			}
		},
		"graceful-fs": {
			"version": "4.2.3",
			"resolved": "https://registry.npmjs.org/graceful-fs/-/graceful-fs-4.2.3.tgz",
			"integrity": "sha512-a30VEBm4PEdx1dRB7MFK7BejejvCvBronbLjht+sHuGYj8PHs7M/5Z+rt5lw551vZ7yfTCj4Vuyy3mSJytDWRQ==",
			"dev": true
		},
		"jsonfile": {
			"version": "4.0.0",
			"resolved": "https://registry.npmjs.org/jsonfile/-/jsonfile-4.0.0.tgz",
			"integrity": "sha1-h3Gq4HmbZAdrdmQPygWPnBDjPss=",
			"dev": true,
			"requires": {
				"graceful-fs": "^4.1.6"
			}
		},
		"now": {
			"version": "16.5.2",
			"resolved": "https://registry.npmjs.org/now/-/now-16.5.2.tgz",
			"integrity": "sha512-Pv8HMpeTaiLLoNh93Poy5GbiM0oc/CPo1ZXa+o70Nd/ospRaLg7gaFtpZH+My/vS9+xWTDq7hmHjXPCXPtD/pg==",
			"dev": true
		},
		"universalify": {
			"version": "0.1.2",
			"resolved": "https://registry.npmjs.org/universalify/-/universalify-0.1.2.tgz",
			"integrity": "sha512-rBJeI5CXAlmy1pV+617WB9J63U6XcazHHF2f2dbJix4XzpUF0RS3Zbj0FGIOCAva5P/d/GBOYaACQ1w+0azUkg==",
			"dev": true
		}
	}
}
